{
    "dompdf/dompdf": {
        "version": "v0.8.3"
    },
    "phenx/php-font-lib": {
        "version": "0.5.1"
    },
    "phenx/php-svg-lib": {
        "version": "v0.3.2"
    },
    "sabberworm/php-css-parser": {
        "version": "8.1.0"
    },
    "symfony/phpunit-bridge": {
        "version": "4.3",
        "recipe": {
            "repo": "github.com/symfony/recipes",
            "branch": "master",
            "version": "4.3",
            "ref": "b0582341f1df39aaf3a9a866cdbe49937da35984"
        },
        "files": [
            ".env.test",
            "bin/phpunit",
            "config/bootstrap.php",
            "phpunit.xml.dist",
            "tests/.gitignore"
        ]
    }
}
